
Microsoft Visual Studio Solution File, Format Version 12.00
# Visual Studio Version 17
VisualStudioVersion = 17.4.33213.308
MinimumVisualStudioVersion = 10.0.40219.1
Project("{FAE04EC0-301F-11D3-BF4B-00C04F79EFBC}") = "ConsoleApp1", "ConsoleApp1\ConsoleApp1.csproj", "{3B71F07F-AF68-4F84-9346-E3737FD80913}"
EndProject
Global
	GlobalSection(SolutionConfigurationPlatforms) = preSolution
		Debug|Any CPU = Debug|Any CPU
		Release|Any CPU = Release|Any CPU
	EndGlobalSection
	GlobalSection(ProjectConfigurationPlatforms) = postSolution
		{3B71F07F-AF68-4F84-9346-E3737FD80913}.Debug|Any CPU.ActiveCfg = Debug|Any CPU
		{3B71F07F-AF68-4F84-9346-E3737FD80913}.Debug|Any CPU.Build.0 = Debug|Any CPU
		{3B71F07F-AF68-4F84-9346-E3737FD80913}.Release|Any CPU.ActiveCfg = Release|Any CPU
		{3B71F07F-AF68-4F84-9346-E3737FD80913}.Release|Any CPU.Build.0 = Release|Any CPU
	EndGlobalSection
	GlobalSection(SolutionProperties) = preSolution
		HideSolutionNode = FALSE
	EndGlobalSection
	GlobalSection(ExtensibilityGlobals) = postSolution
		SolutionGuid = {0DFE2C7D-EE4F-4049-96C5-096785A84E72}
	EndGlobalSection
EndGlobal
